
Microsoft Visual Studio Solution File, Format Version 12.00
# Visual Studio Version 17
VisualStudioVersion = 17.14.36301.6
MinimumVisualStudioVersion = 10.0.40219.1
Project("{FAE04EC0-301F-11D3-BF4B-00C04F79EFBC}") = "TestMachine", "TestMachine\TestMachine.csproj", "{3736165F-5D8D-4FFA-907B-378A16BF4AA6}"
EndProject
Project("{FAE04EC0-301F-11D3-BF4B-00C04F79EFBC}") = "Timeline", "Timeline\Timeline.csproj", "{92DAC0F3-2BAD-482C-8FB4-9760EDF65A9F}"
EndProject
Project("{FAE04EC0-301F-11D3-BF4B-00C04F79EFBC}") = "CoreMetrics", "CoreMetrics\CoreMetrics.csproj", "{82BDE7CD-132E-4505-926D-E62EDDE79A37}"
EndProject
Project("{FAE04EC0-301F-11D3-BF4B-00C04F79EFBC}") = "Timeline-Test", "Timeline-Test\Timeline-Test.csproj", "{95E857B0-67A5-A048-0827-2EA94803C2D0}"
EndProject
Project("{FAE04EC0-301F-11D3-BF4B-00C04F79EFBC}") = "Meters", "Meters\Meters.csproj", "{66C47F2F-5F9A-4659-B72A-DB41AF85574D}"
EndProject
Project("{FAE04EC0-301F-11D3-BF4B-00C04F79EFBC}") = "Combatants", "Combatants\Combatants.csproj", "{D04D33F7-9745-4AD4-8255-FF9B5E859DFB}"
EndProject
Global
	GlobalSection(SolutionConfigurationPlatforms) = preSolution
		Debug|Any CPU = Debug|Any CPU
		Release|Any CPU = Release|Any CPU
	EndGlobalSection
	GlobalSection(ProjectConfigurationPlatforms) = postSolution
		{3736165F-5D8D-4FFA-907B-378A16BF4AA6}.Debug|Any CPU.ActiveCfg = Debug|Any CPU
		{3736165F-5D8D-4FFA-907B-378A16BF4AA6}.Debug|Any CPU.Build.0 = Debug|Any CPU
		{3736165F-5D8D-4FFA-907B-378A16BF4AA6}.Release|Any CPU.ActiveCfg = Release|Any CPU
		{3736165F-5D8D-4FFA-907B-378A16BF4AA6}.Release|Any CPU.Build.0 = Release|Any CPU
		{92DAC0F3-2BAD-482C-8FB4-9760EDF65A9F}.Debug|Any CPU.ActiveCfg = Debug|Any CPU
		{92DAC0F3-2BAD-482C-8FB4-9760EDF65A9F}.Debug|Any CPU.Build.0 = Debug|Any CPU
		{92DAC0F3-2BAD-482C-8FB4-9760EDF65A9F}.Release|Any CPU.ActiveCfg = Release|Any CPU
		{92DAC0F3-2BAD-482C-8FB4-9760EDF65A9F}.Release|Any CPU.Build.0 = Release|Any CPU
		{82BDE7CD-132E-4505-926D-E62EDDE79A37}.Debug|Any CPU.ActiveCfg = Debug|Any CPU
		{82BDE7CD-132E-4505-926D-E62EDDE79A37}.Debug|Any CPU.Build.0 = Debug|Any CPU
		{82BDE7CD-132E-4505-926D-E62EDDE79A37}.Release|Any CPU.ActiveCfg = Release|Any CPU
		{82BDE7CD-132E-4505-926D-E62EDDE79A37}.Release|Any CPU.Build.0 = Release|Any CPU
		{95E857B0-67A5-A048-0827-2EA94803C2D0}.Debug|Any CPU.ActiveCfg = Debug|Any CPU
		{95E857B0-67A5-A048-0827-2EA94803C2D0}.Debug|Any CPU.Build.0 = Debug|Any CPU
		{95E857B0-67A5-A048-0827-2EA94803C2D0}.Release|Any CPU.ActiveCfg = Release|Any CPU
		{95E857B0-67A5-A048-0827-2EA94803C2D0}.Release|Any CPU.Build.0 = Release|Any CPU
		{66C47F2F-5F9A-4659-B72A-DB41AF85574D}.Debug|Any CPU.ActiveCfg = Debug|Any CPU
		{66C47F2F-5F9A-4659-B72A-DB41AF85574D}.Debug|Any CPU.Build.0 = Debug|Any CPU
		{66C47F2F-5F9A-4659-B72A-DB41AF85574D}.Release|Any CPU.ActiveCfg = Release|Any CPU
		{66C47F2F-5F9A-4659-B72A-DB41AF85574D}.Release|Any CPU.Build.0 = Release|Any CPU
		{D04D33F7-9745-4AD4-8255-FF9B5E859DFB}.Debug|Any CPU.ActiveCfg = Debug|Any CPU
		{D04D33F7-9745-4AD4-8255-FF9B5E859DFB}.Debug|Any CPU.Build.0 = Debug|Any CPU
		{D04D33F7-9745-4AD4-8255-FF9B5E859DFB}.Release|Any CPU.ActiveCfg = Release|Any CPU
		{D04D33F7-9745-4AD4-8255-FF9B5E859DFB}.Release|Any CPU.Build.0 = Release|Any CPU
	EndGlobalSection
	GlobalSection(SolutionProperties) = preSolution
		HideSolutionNode = FALSE
	EndGlobalSection
	GlobalSection(ExtensibilityGlobals) = postSolution
		SolutionGuid = {AB8CF46B-89D0-45FA-ABEA-F2BF3B36D5CB}
	EndGlobalSection
EndGlobal
